
Microsoft Visual Studio Solution File, Format Version 12.00
# Visual Studio 2013
VisualStudioVersion = 12.0.31101.0
MinimumVisualStudioVersion = 10.0.40219.1
Project("{FAE04EC0-301F-11D3-BF4B-00C04F79EFBC}") = "DatabaseMigration", "DatabaseMigration\DatabaseMigration.csproj", "{638E9632-EC11-4E57-BC5F-C56CD54038A7}"
EndProject
Project("{FAE04EC0-301F-11D3-BF4B-00C04F79EFBC}") = "Domain", "Domain\Domain.csproj", "{7ED4D969-A114-4611-BCFE-BB23EDE712E1}"
EndProject
Project("{FAE04EC0-301F-11D3-BF4B-00C04F79EFBC}") = "Tools", "Tools\Tools.csproj", "{A6038812-462B-467C-9D9C-9B5A1E9B9DB8}"
EndProject
Project("{FAE04EC0-301F-11D3-BF4B-00C04F79EFBC}") = "Website", "Website\Website.csproj", "{22711B93-9AE2-4E18-8637-A4748E31C098}"
EndProject
Project("{FAE04EC0-301F-11D3-BF4B-00C04F79EFBC}") = "Service", "Service\Service.csproj", "{8125F3B4-3625-4DB8-AD30-E505E6D896F2}"
EndProject
Global
	GlobalSection(SolutionConfigurationPlatforms) = preSolution
		Debug|Any CPU = Debug|Any CPU
		Debug|ARM = Debug|ARM
		Debug|x64 = Debug|x64
		Debug|x86 = Debug|x86
		Release|Any CPU = Release|Any CPU
		Release|ARM = Release|ARM
		Release|x64 = Release|x64
		Release|x86 = Release|x86
	EndGlobalSection
	GlobalSection(ProjectConfigurationPlatforms) = postSolution
		{638E9632-EC11-4E57-BC5F-C56CD54038A7}.Debug|Any CPU.ActiveCfg = Debug|Any CPU
		{638E9632-EC11-4E57-BC5F-C56CD54038A7}.Debug|Any CPU.Build.0 = Debug|Any CPU
		{638E9632-EC11-4E57-BC5F-C56CD54038A7}.Debug|ARM.ActiveCfg = Debug|Any CPU
		{638E9632-EC11-4E57-BC5F-C56CD54038A7}.Debug|x64.ActiveCfg = Debug|Any CPU
		{638E9632-EC11-4E57-BC5F-C56CD54038A7}.Debug|x86.ActiveCfg = Debug|Any CPU
		{638E9632-EC11-4E57-BC5F-C56CD54038A7}.Release|Any CPU.ActiveCfg = Release|Any CPU
		{638E9632-EC11-4E57-BC5F-C56CD54038A7}.Release|Any CPU.Build.0 = Release|Any CPU
		{638E9632-EC11-4E57-BC5F-C56CD54038A7}.Release|ARM.ActiveCfg = Release|Any CPU
		{638E9632-EC11-4E57-BC5F-C56CD54038A7}.Release|x64.ActiveCfg = Release|Any CPU
		{638E9632-EC11-4E57-BC5F-C56CD54038A7}.Release|x86.ActiveCfg = Release|Any CPU
		{7ED4D969-A114-4611-BCFE-BB23EDE712E1}.Debug|Any CPU.ActiveCfg = Debug|Any CPU
		{7ED4D969-A114-4611-BCFE-BB23EDE712E1}.Debug|Any CPU.Build.0 = Debug|Any CPU
		{7ED4D969-A114-4611-BCFE-BB23EDE712E1}.Debug|ARM.ActiveCfg = Debug|Any CPU
		{7ED4D969-A114-4611-BCFE-BB23EDE712E1}.Debug|x64.ActiveCfg = Debug|Any CPU
		{7ED4D969-A114-4611-BCFE-BB23EDE712E1}.Debug|x86.ActiveCfg = Debug|Any CPU
		{7ED4D969-A114-4611-BCFE-BB23EDE712E1}.Release|Any CPU.ActiveCfg = Release|Any CPU
		{7ED4D969-A114-4611-BCFE-BB23EDE712E1}.Release|Any CPU.Build.0 = Release|Any CPU
		{7ED4D969-A114-4611-BCFE-BB23EDE712E1}.Release|ARM.ActiveCfg = Release|Any CPU
		{7ED4D969-A114-4611-BCFE-BB23EDE712E1}.Release|x64.ActiveCfg = Release|Any CPU
		{7ED4D969-A114-4611-BCFE-BB23EDE712E1}.Release|x86.ActiveCfg = Release|Any CPU
		{A6038812-462B-467C-9D9C-9B5A1E9B9DB8}.Debug|Any CPU.ActiveCfg = Debug|Any CPU
		{A6038812-462B-467C-9D9C-9B5A1E9B9DB8}.Debug|Any CPU.Build.0 = Debug|Any CPU
		{A6038812-462B-467C-9D9C-9B5A1E9B9DB8}.Debug|ARM.ActiveCfg = Debug|Any CPU
		{A6038812-462B-467C-9D9C-9B5A1E9B9DB8}.Debug|x64.ActiveCfg = Debug|Any CPU
		{A6038812-462B-467C-9D9C-9B5A1E9B9DB8}.Debug|x86.ActiveCfg = Debug|Any CPU
		{A6038812-462B-467C-9D9C-9B5A1E9B9DB8}.Release|Any CPU.ActiveCfg = Release|Any CPU
		{A6038812-462B-467C-9D9C-9B5A1E9B9DB8}.Release|Any CPU.Build.0 = Release|Any CPU
		{A6038812-462B-467C-9D9C-9B5A1E9B9DB8}.Release|ARM.ActiveCfg = Release|Any CPU
		{A6038812-462B-467C-9D9C-9B5A1E9B9DB8}.Release|x64.ActiveCfg = Release|Any CPU
		{A6038812-462B-467C-9D9C-9B5A1E9B9DB8}.Release|x86.ActiveCfg = Release|Any CPU
		{22711B93-9AE2-4E18-8637-A4748E31C098}.Debug|Any CPU.ActiveCfg = Debug|Any CPU
		{22711B93-9AE2-4E18-8637-A4748E31C098}.Debug|Any CPU.Build.0 = Debug|Any CPU
		{22711B93-9AE2-4E18-8637-A4748E31C098}.Debug|ARM.ActiveCfg = Debug|Any CPU
		{22711B93-9AE2-4E18-8637-A4748E31C098}.Debug|x64.ActiveCfg = Debug|Any CPU
		{22711B93-9AE2-4E18-8637-A4748E31C098}.Debug|x86.ActiveCfg = Debug|Any CPU
		{22711B93-9AE2-4E18-8637-A4748E31C098}.Release|Any CPU.ActiveCfg = Release|Any CPU
		{22711B93-9AE2-4E18-8637-A4748E31C098}.Release|Any CPU.Build.0 = Release|Any CPU
		{22711B93-9AE2-4E18-8637-A4748E31C098}.Release|ARM.ActiveCfg = Release|Any CPU
		{22711B93-9AE2-4E18-8637-A4748E31C098}.Release|x64.ActiveCfg = Release|Any CPU
		{22711B93-9AE2-4E18-8637-A4748E31C098}.Release|x86.ActiveCfg = Release|Any CPU
		{8125F3B4-3625-4DB8-AD30-E505E6D896F2}.Debug|Any CPU.ActiveCfg = Debug|Any CPU
		{8125F3B4-3625-4DB8-AD30-E505E6D896F2}.Debug|Any CPU.Build.0 = Debug|Any CPU
		{8125F3B4-3625-4DB8-AD30-E505E6D896F2}.Debug|ARM.ActiveCfg = Debug|Any CPU
		{8125F3B4-3625-4DB8-AD30-E505E6D896F2}.Debug|x64.ActiveCfg = Debug|Any CPU
		{8125F3B4-3625-4DB8-AD30-E505E6D896F2}.Debug|x86.ActiveCfg = Debug|Any CPU
		{8125F3B4-3625-4DB8-AD30-E505E6D896F2}.Release|Any CPU.ActiveCfg = Release|Any CPU
		{8125F3B4-3625-4DB8-AD30-E505E6D896F2}.Release|Any CPU.Build.0 = Release|Any CPU
		{8125F3B4-3625-4DB8-AD30-E505E6D896F2}.Release|ARM.ActiveCfg = Release|Any CPU
		{8125F3B4-3625-4DB8-AD30-E505E6D896F2}.Release|x64.ActiveCfg = Release|Any CPU
		{8125F3B4-3625-4DB8-AD30-E505E6D896F2}.Release|x86.ActiveCfg = Release|Any CPU
	EndGlobalSection
	GlobalSection(SolutionProperties) = preSolution
		HideSolutionNode = FALSE
	EndGlobalSection
EndGlobal
